
Microsoft Visual Studio Solution File, Format Version 12.00
# Visual Studio 15
VisualStudioVersion = 15.0.27130.2020
MinimumVisualStudioVersion = 10.0.40219.1
Project("{F184B08F-C81C-45F6-A57F-5ABD9991F28F}") = "DiversifiedLogistics", "DiversifiedLogistics.vbproj", "{7BEDE4A1-7269-4B97-B4AB-40913556C19F}"
EndProject
Project("{F184B08F-C81C-45F6-A57F-5ABD9991F28F}") = "SEUreports", "..\SEUreports\SEUreports.vbproj", "{90B162A3-925F-4F4F-A6B9-948136DFB17B}"
EndProject
Global
	GlobalSection(SolutionConfigurationPlatforms) = preSolution
		Debug|Any CPU = Debug|Any CPU
		Release|Any CPU = Release|Any CPU
	EndGlobalSection
	GlobalSection(ProjectConfigurationPlatforms) = postSolution
		{7BEDE4A1-7269-4B97-B4AB-40913556C19F}.Debug|Any CPU.ActiveCfg = Debug|Any CPU
		{7BEDE4A1-7269-4B97-B4AB-40913556C19F}.Debug|Any CPU.Build.0 = Debug|Any CPU
		{7BEDE4A1-7269-4B97-B4AB-40913556C19F}.Release|Any CPU.ActiveCfg = Release|Any CPU
		{7BEDE4A1-7269-4B97-B4AB-40913556C19F}.Release|Any CPU.Build.0 = Release|Any CPU
		{90B162A3-925F-4F4F-A6B9-948136DFB17B}.Debug|Any CPU.ActiveCfg = Debug|Any CPU
		{90B162A3-925F-4F4F-A6B9-948136DFB17B}.Debug|Any CPU.Build.0 = Debug|Any CPU
		{90B162A3-925F-4F4F-A6B9-948136DFB17B}.Release|Any CPU.ActiveCfg = Release|Any CPU
		{90B162A3-925F-4F4F-A6B9-948136DFB17B}.Release|Any CPU.Build.0 = Release|Any CPU
	EndGlobalSection
	GlobalSection(SolutionProperties) = preSolution
		HideSolutionNode = FALSE
	EndGlobalSection
	GlobalSection(ExtensibilityGlobals) = postSolution
		SolutionGuid = {DB64CC38-A035-4069-8637-97507EAE849C}
	EndGlobalSection
EndGlobal
